
Microsoft Visual Studio Solution File, Format Version 12.00
# Visual Studio Version 16
VisualStudioVersion = 16.0.33027.164
MinimumVisualStudioVersion = 10.0.40219.1
Project("{9A19103F-16F7-4668-BE54-9A1E7A4F7556}") = "Entities", "Entities\Entities.csproj", "{B6576357-8ACB-41B0-9334-10CC8EA2C522}"
EndProject
Project("{9A19103F-16F7-4668-BE54-9A1E7A4F7556}") = "DataAccess", "DataAccess\DataAccess.csproj", "{CB14B4E7-AC8B-418A-9D3B-99E2FF74AED5}"
EndProject
Project("{9A19103F-16F7-4668-BE54-9A1E7A4F7556}") = "Business", "Business\Business.csproj", "{F252081E-0BFE-4DCF-9587-C46173CA25BE}"
EndProject
Project("{9A19103F-16F7-4668-BE54-9A1E7A4F7556}") = "ConsoleUI", "ConsoleUI\ConsoleUI.csproj", "{DF625B74-3985-489E-A7FD-CCD611851F43}"
EndProject
Project("{9A19103F-16F7-4668-BE54-9A1E7A4F7556}") = "Core", "Core\Core.csproj", "{9ECB21C6-0577-47AA-933B-24B25CEBE054}"
EndProject
Project("{FAE04EC0-301F-11D3-BF4B-00C04F79EFBC}") = "WebAPI", "WebAPI\WebAPI.csproj", "{04DDED1B-7AB8-4BAA-B1E0-7183E722B172}"
EndProject
Global
	GlobalSection(SolutionConfigurationPlatforms) = preSolution
		Debug|Any CPU = Debug|Any CPU
		Release|Any CPU = Release|Any CPU
	EndGlobalSection
	GlobalSection(ProjectConfigurationPlatforms) = postSolution
		{B6576357-8ACB-41B0-9334-10CC8EA2C522}.Debug|Any CPU.ActiveCfg = Debug|Any CPU
		{B6576357-8ACB-41B0-9334-10CC8EA2C522}.Debug|Any CPU.Build.0 = Debug|Any CPU
		{B6576357-8ACB-41B0-9334-10CC8EA2C522}.Release|Any CPU.ActiveCfg = Release|Any CPU
		{B6576357-8ACB-41B0-9334-10CC8EA2C522}.Release|Any CPU.Build.0 = Release|Any CPU
		{CB14B4E7-AC8B-418A-9D3B-99E2FF74AED5}.Debug|Any CPU.ActiveCfg = Debug|Any CPU
		{CB14B4E7-AC8B-418A-9D3B-99E2FF74AED5}.Debug|Any CPU.Build.0 = Debug|Any CPU
		{CB14B4E7-AC8B-418A-9D3B-99E2FF74AED5}.Release|Any CPU.ActiveCfg = Release|Any CPU
		{CB14B4E7-AC8B-418A-9D3B-99E2FF74AED5}.Release|Any CPU.Build.0 = Release|Any CPU
		{F252081E-0BFE-4DCF-9587-C46173CA25BE}.Debug|Any CPU.ActiveCfg = Debug|Any CPU
		{F252081E-0BFE-4DCF-9587-C46173CA25BE}.Debug|Any CPU.Build.0 = Debug|Any CPU
		{F252081E-0BFE-4DCF-9587-C46173CA25BE}.Release|Any CPU.ActiveCfg = Release|Any CPU
		{F252081E-0BFE-4DCF-9587-C46173CA25BE}.Release|Any CPU.Build.0 = Release|Any CPU
		{DF625B74-3985-489E-A7FD-CCD611851F43}.Debug|Any CPU.ActiveCfg = Debug|Any CPU
		{DF625B74-3985-489E-A7FD-CCD611851F43}.Debug|Any CPU.Build.0 = Debug|Any CPU
		{DF625B74-3985-489E-A7FD-CCD611851F43}.Release|Any CPU.ActiveCfg = Release|Any CPU
		{DF625B74-3985-489E-A7FD-CCD611851F43}.Release|Any CPU.Build.0 = Release|Any CPU
		{9ECB21C6-0577-47AA-933B-24B25CEBE054}.Debug|Any CPU.ActiveCfg = Debug|Any CPU
		{9ECB21C6-0577-47AA-933B-24B25CEBE054}.Debug|Any CPU.Build.0 = Debug|Any CPU
		{9ECB21C6-0577-47AA-933B-24B25CEBE054}.Release|Any CPU.ActiveCfg = Release|Any CPU
		{9ECB21C6-0577-47AA-933B-24B25CEBE054}.Release|Any CPU.Build.0 = Release|Any CPU
		{04DDED1B-7AB8-4BAA-B1E0-7183E722B172}.Debug|Any CPU.ActiveCfg = Debug|Any CPU
		{04DDED1B-7AB8-4BAA-B1E0-7183E722B172}.Debug|Any CPU.Build.0 = Debug|Any CPU
		{04DDED1B-7AB8-4BAA-B1E0-7183E722B172}.Release|Any CPU.ActiveCfg = Release|Any CPU
		{04DDED1B-7AB8-4BAA-B1E0-7183E722B172}.Release|Any CPU.Build.0 = Release|Any CPU
	EndGlobalSection
	GlobalSection(SolutionProperties) = preSolution
		HideSolutionNode = FALSE
	EndGlobalSection
	GlobalSection(ExtensibilityGlobals) = postSolution
		SolutionGuid = {F40604B7-9906-4412-86A4-A91677C05E2F}
	EndGlobalSection
EndGlobal
